// !$*UTF8*$!
{
	archiveVersion = 1;
	classes = {
	};
	objectVersion = 77;
	objects = {

/* Begin PBXContainerItemProxy section */
		E2812E902E53CEC200B6E5BD /* PBXContainerItemProxy */ = {
			isa = PBXContainerItemProxy;
			containerPortal = E2812E7A2E53CEC000B6E5BD /* Project object */;
			proxyType = 1;
			remoteGlobalIDString = E2812E812E53CEC000B6E5BD;
			remoteInfo = EclipseCam;
		};
		E2812E9A2E53CEC200B6E5BD /* PBXContainerItemProxy */ = {
			isa = PBXContainerItemProxy;
			containerPortal = E2812E7A2E53CEC000B6E5BD /* Project object */;
			proxyType = 1;
			remoteGlobalIDString = E2812E812E53CEC000B6E5BD;
			remoteInfo = EclipseCam;
		};
/* End PBXContainerItemProxy section */

/* Begin PBXFileReference section */
		E2812E822E53CEC000B6E5BD /* EclipseCam.app */ = {isa = PBXFileReference; explicitFileType = wrapper.application; includeInIndex = 0; path = EclipseCam.app; sourceTree = BUILT_PRODUCTS_DIR; };
		E2812E8F2E53CEC200B6E5BD /* EclipseCamTests.xctest */ = {isa = PBXFileReference; explicitFileType = wrapper.cfbundle; includeInIndex = 0; path = EclipseCamTests.xctest; sourceTree = BUILT_PRODUCTS_DIR; };
		E2812E992E53CEC200B6E5BD /* EclipseCamUITests.xctest */ = {isa = PBXFileReference; explicitFileType = wrapper.cfbundle; includeInIndex = 0; path = EclipseCamUITests.xctest; sourceTree = BUILT_PRODUCTS_DIR; };
/* End PBXFileReference section */

/* Begin PBXFileSystemSynchronizedRootGroup section */
		E2812E842E53CEC000B6E5BD /* EclipseCam */ = {
			isa = PBXFileSystemSynchronizedRootGroup;
			path = EclipseCam;
			sourceTree = "<group>";
		};
		E2812E922E53CEC200B6E5BD /* EclipseCamTests */ = {
			isa = PBXFileSystemSynchronizedRootGroup;
			path = EclipseCamTests;
			sourceTree = "<group>";
		};
		E2812E9C2E53CEC200B6E5BD /* EclipseCamUITests */ = {
			isa = PBXFileSystemSynchronizedRootGroup;
			path = EclipseCamUITests;
			sourceTree = "<group>";
		};
/* End PBXFileSystemSynchronizedRootGroup section */

/* Begin PBXFrameworksBuildPhase section */
		E2812E7F2E53CEC000B6E5BD /* Frameworks */ = {
			isa = PBXFrameworksBuildPhase;
			buildActionMask = 2147483647;
			files = (
			);
			runOnlyForDeploymentPostprocessing = 0;
		};
		E2812E8C2E53CEC200B6E5BD /* Frameworks */ = {
			isa = PBXFrameworksBuildPhase;
			buildActionMask = 2147483647;
			files = (
			);
			runOnlyForDeploymentPostprocessing = 0;
		};
		E2812E962E53CEC200B6E5BD /* Frameworks */ = {
			isa = PBXFrameworksBuildPhase;
			buildActionMask = 2147483647;
			files = (
			);
			runOnlyForDeploymentPostprocessing = 0;
		};
/* End PBXFrameworksBuildPhase section */

/* Begin PBXGroup section */
		E2812E792E53CEC000B6E5BD = {
			isa = PBXGroup;
			children = (
				E2812E842E53CEC000B6E5BD /* EclipseCam */,
				E2812E922E53CEC200B6E5BD /* EclipseCamTests */,
				E2812E9C2E53CEC200B6E5BD /* EclipseCamUITests */,
				E2812E832E53CEC000B6E5BD /* Products */,
			);
			sourceTree = "<group>";
		};
		E2812E832E53CEC000B6E5BD /* Products */ = {
			isa = PBXGroup;
			children = (
				E2812E822E53CEC000B6E5BD /* EclipseCam.app */,
				E2812E8F2E53CEC200B6E5BD /* EclipseCamTests.xctest */,
				E2812E992E53CEC200B6E5BD /* EclipseCamUITests.xctest */,
			);
			name = Products;
			sourceTree = "<group>";
		};
/* End PBXGroup section */

/* Begin PBXNativeTarget section */
		E2812E812E53CEC000B6E5BD /* EclipseCam */ = {
			isa = PBXNativeTarget;
			buildConfigurationList = E2812EA32E53CEC200B6E5BD /* Build configuration list for PBXNativeTarget "EclipseCam" */;
			buildPhases = (
				E2812E7E2E53CEC000B6E5BD /* Sources */,
				E2812E7F2E53CEC000B6E5BD /* Frameworks */,
				E2812E802E53CEC000B6E5BD /* Resources */,
			);
			buildRules = (
			);
			dependencies = (
			);
			fileSystemSynchronizedGroups = (
				E2812E842E53CEC000B6E5BD /* EclipseCam */,
			);
			name = EclipseCam;
			packageProductDependencies = (
			);
			productName = EclipseCam;
			productReference = E2812E822E53CEC000B6E5BD /* EclipseCam.app */;
			productType = "com.apple.product-type.application";
		};
		E2812E8E2E53CEC200B6E5BD /* EclipseCamTests */ = {
			isa = PBXNativeTarget;
			buildConfigurationList = E2812EA62E53CEC200B6E5BD /* Build configuration list for PBXNativeTarget "EclipseCamTests" */;
			buildPhases = (
				E2812E8B2E53CEC200B6E5BD /* Sources */,
				E2812E8C2E53CEC200B6E5BD /* Frameworks */,
				E2812E8D2E53CEC200B6E5BD /* Resources */,
			);
			buildRules = (
			);
			dependencies = (
				E2812E912E53CEC200B6E5BD /* PBXTargetDependency */,
			);
			fileSystemSynchronizedGroups = (
				E2812E922E53CEC200B6E5BD /* EclipseCamTests */,
			);
			name = EclipseCamTests;
			packageProductDependencies = (
			);
			productName = EclipseCamTests;
			productReference = E2812E8F2E53CEC200B6E5BD /* EclipseCamTests.xctest */;
			productType = "com.apple.product-type.bundle.unit-test";
		};
		E2812E982E53CEC200B6E5BD /* EclipseCamUITests */ = {
			isa = PBXNativeTarget;
			buildConfigurationList = E2812EA92E53CEC200B6E5BD /* Build configuration list for PBXNativeTarget "EclipseCamUITests" */;
			buildPhases = (
				E2812E952E53CEC200B6E5BD /* Sources */,
				E2812E962E53CEC200B6E5BD /* Frameworks */,
				E2812E972E53CEC200B6E5BD /* Resources */,
			);
			buildRules = (
			);
			dependencies = (
				E2812E9B2E53CEC200B6E5BD /* PBXTargetDependency */,
			);
			fileSystemSynchronizedGroups = (
				E2812E9C2E53CEC200B6E5BD /* EclipseCamUITests */,
			);
			name = EclipseCamUITests;
			packageProductDependencies = (
			);
			productName = EclipseCamUITests;
			productReference = E2812E992E53CEC200B6E5BD /* EclipseCamUITests.xctest */;
			productType = "com.apple.product-type.bundle.ui-testing";
		};
/* End PBXNativeTarget section */

/* Begin PBXProject section */
		E2812E7A2E53CEC000B6E5BD /* Project object */ = {
			isa = PBXProject;
			attributes = {
				BuildIndependentTargetsInParallel = 1;
				LastSwiftUpdateCheck = 1630;
				LastUpgradeCheck = 1630;
				TargetAttributes = {
					E2812E812E53CEC000B6E5BD = {
						CreatedOnToolsVersion = 16.3;
					};
					E2812E8E2E53CEC200B6E5BD = {
						CreatedOnToolsVersion = 16.3;
						TestTargetID = E2812E812E53CEC000B6E5BD;
					};
					E2812E982E53CEC200B6E5BD = {
						CreatedOnToolsVersion = 16.3;
						TestTargetID = E2812E812E53CEC000B6E5BD;
					};
				};
			};
			buildConfigurationList = E2812E7D2E53CEC000B6E5BD /* Build configuration list for PBXProject "EclipseCam" */;
			developmentRegion = en;
			hasScannedForEncodings = 0;
			knownRegions = (
				en,
				Base,
			);
			mainGroup = E2812E792E53CEC000B6E5BD;
			minimizedProjectReferenceProxies = 1;
			preferredProjectObjectVersion = 77;
			productRefGroup = E2812E832E53CEC000B6E5BD /* Products */;
			projectDirPath = "";
			projectRoot = "";
			targets = (
				E2812E812E53CEC000B6E5BD /* EclipseCam */,
				E2812E8E2E53CEC200B6E5BD /* EclipseCamTests */,
				E2812E982E53CEC200B6E5BD /* EclipseCamUITests */,
			);
		};
/* End PBXProject section */

/* Begin PBXResourcesBuildPhase section */
		E2812E802E53CEC000B6E5BD /* Resources */ = {
			isa = PBXResourcesBuildPhase;
			buildActionMask = 2147483647;
			files = (
			);
			runOnlyForDeploymentPostprocessing = 0;
		};
		E2812E8D2E53CEC200B6E5BD /* Resources */ = {
			isa = PBXResourcesBuildPhase;
			buildActionMask = 2147483647;
			files = (
			);
			runOnlyForDeploymentPostprocessing = 0;
		};
		E2812E972E53CEC200B6E5BD /* Resources */ = {
			isa = PBXResourcesBuildPhase;
			buildActionMask = 2147483647;
			files = (
			);
			runOnlyForDeploymentPostprocessing = 0;
		};
/* End PBXResourcesBuildPhase section */

/* Begin PBXSourcesBuildPhase section */
		E2812E7E2E53CEC000B6E5BD /* Sources */ = {
			isa = PBXSourcesBuildPhase;
			buildActionMask = 2147483647;
			files = (
			);
			runOnlyForDeploymentPostprocessing = 0;
		};
		E2812E8B2E53CEC200B6E5BD /* Sources */ = {
			isa = PBXSourcesBuildPhase;
			buildActionMask = 2147483647;
			files = (
			);
			runOnlyForDeploymentPostprocessing = 0;
		};
		E2812E952E53CEC200B6E5BD /* Sources */ = {
			isa = PBXSourcesBuildPhase;
			buildActionMask = 2147483647;
			files = (
			);
			runOnlyForDeploymentPostprocessing = 0;
		};
/* End PBXSourcesBuildPhase section */

/* Begin PBXTargetDependency section */
		E2812E912E53CEC200B6E5BD /* PBXTargetDependency */ = {
			isa = PBXTargetDependency;
			target = E2812E812E53CEC000B6E5BD /* EclipseCam */;
			targetProxy = E2812E902E53CEC200B6E5BD /* PBXContainerItemProxy */;
		};
		E2812E9B2E53CEC200B6E5BD /* PBXTargetDependency */ = {
			isa = PBXTargetDependency;
			target = E2812E812E53CEC000B6E5BD /* EclipseCam */;
			targetProxy = E2812E9A2E53CEC200B6E5BD /* PBXContainerItemProxy */;
		};
/* End PBXTargetDependency section */

/* Begin XCBuildConfiguration section */
		E2812EA12E53CEC200B6E5BD /* Debug */ = {
			isa = XCBuildConfiguration;
			buildSettings = {
				ALWAYS_SEARCH_USER_PATHS = NO;
				ASSETCATALOG_COMPILER_GENERATE_SWIFT_ASSET_SYMBOL_EXTENSIONS = YES;
				CLANG_ANALYZER_NONNULL = YES;
				CLANG_ANALYZER_NUMBER_OBJECT_CONVERSION = YES_AGGRESSIVE;
				CLANG_CXX_LANGUAGE_STANDARD = "gnu++20";
				CLANG_ENABLE_MODULES = YES;
				CLANG_ENABLE_OBJC_ARC = YES;
				CLANG_ENABLE_OBJC_WEAK = YES;
				CLANG_WARN_BLOCK_CAPTURE_AUTORELEASING = YES;
				CLANG_WARN_BOOL_CONVERSION = YES;
				CLANG_WARN_COMMA = YES;
				CLANG_WARN_CONSTANT_CONVERSION = YES;
				CLANG_WARN_DEPRECATED_OBJC_IMPLEMENTATIONS = YES;
				CLANG_WARN_DIRECT_OBJC_ISA_USAGE = YES_ERROR;
				CLANG_WARN_DOCUMENTATION_COMMENTS = YES;
				CLANG_WARN_EMPTY_BODY = YES;
				CLANG_WARN_ENUM_CONVERSION = YES;
				CLANG_WARN_INFINITE_RECURSION = YES;
				CLANG_WARN_INT_CONVERSION = YES;
				CLANG_WARN_NON_LITERAL_NULL_CONVERSION = YES;
				CLANG_WARN_OBJC_IMPLICIT_RETAIN_SELF = YES;
				CLANG_WARN_OBJC_LITERAL_CONVERSION = YES;
				CLANG_WARN_OBJC_ROOT_CLASS = YES_ERROR;
				CLANG_WARN_QUOTED_INCLUDE_IN_FRAMEWORK_HEADER = YES;
				CLANG_WARN_RANGE_LOOP_ANALYSIS = YES;
				CLANG_WARN_STRICT_PROTOTYPES = YES;
				CLANG_WARN_SUSPICIOUS_MOVE = YES;
				CLANG_WARN_UNGUARDED_AVAILABILITY = YES_AGGRESSIVE;
				CLANG_WARN_UNREACHABLE_CODE = YES;
				CLANG_WARN__DUPLICATE_METHOD_MATCH = YES;
				COPY_PHASE_STRIP = NO;
				DEBUG_INFORMATION_FORMAT = dwarf;
				DEVELOPMENT_TEAM = 2YBTPD32DW;
				ENABLE_STRICT_OBJC_MSGSEND = YES;
				ENABLE_TESTABILITY = YES;
				ENABLE_USER_SCRIPT_SANDBOXING = YES;
				GCC_C_LANGUAGE_STANDARD = gnu17;
				GCC_DYNAMIC_NO_PIC = NO;
				GCC_NO_COMMON_BLOCKS = YES;
				GCC_OPTIMIZATION_LEVEL = 0;
				GCC_PREPROCESSOR_DEFINITIONS = (
					"DEBUG=1",
					"$(inherited)",
				);
				GCC_WARN_64_TO_32_BIT_CONVERSION = YES;
				GCC_WARN_ABOUT_RETURN_TYPE = YES_ERROR;
				GCC_WARN_UNDECLARED_SELECTOR = YES;
				GCC_WARN_UNINITIALIZED_AUTOS = YES_AGGRESSIVE;
				GCC_WARN_UNUSED_FUNCTION = YES;
				GCC_WARN_UNUSED_VARIABLE = YES;
				INFOPLIST_KEY_NSCameraUsageDescription = "EclipseCam needs camera access to provide live video streaming for your events";
				INFOPLIST_KEY_NSMicrophoneUsageDescription = "EclipseCam needs microphone access to record audio with videos";
				INFOPLIST_KEY_NSPhotoLibraryAddUsageDescription = "EclipseCam needs Photos access to save recorded videos";
				INFOPLIST_KEY_NSPhotoLibraryUsageDescription = "EclipseCam needs Photos access to let you select images and videos for your live streams";
				IPHONEOS_DEPLOYMENT_TARGET = 18.4;
				LOCALIZATION_PREFERS_STRING_CATALOGS = YES;
				MTL_ENABLE_DEBUG_INFO = INCLUDE_SOURCE;
				MTL_FAST_MATH = YES;
				ONLY_ACTIVE_ARCH = YES;
				SDKROOT = iphoneos;
				SWIFT_ACTIVE_COMPILATION_CONDITIONS = "DEBUG $(inherited)";
				SWIFT_OPTIMIZATION_LEVEL = "-Onone";
			};
			name = Debug;
		};
		E2812EA22E53CEC200B6E5BD /* Release */ = {
			isa = XCBuildConfiguration;
			buildSettings = {
				ALWAYS_SEARCH_USER_PATHS = NO;
				ASSETCATALOG_COMPILER_GENERATE_SWIFT_ASSET_SYMBOL_EXTENSIONS = YES;
				CLANG_ANALYZER_NONNULL = YES;
				CLANG_ANALYZER_NUMBER_OBJECT_CONVERSION = YES_AGGRESSIVE;
				CLANG_CXX_LANGUAGE_STANDARD = "gnu++20";
				CLANG_ENABLE_MODULES = YES;
				CLANG_ENABLE_OBJC_ARC = YES;
				CLANG_ENABLE_OBJC_WEAK = YES;
				CLANG_WARN_BLOCK_CAPTURE_AUTORELEASING = YES;
				CLANG_WARN_BOOL_CONVERSION = YES;
				CLANG_WARN_COMMA = YES;
				CLANG_WARN_CONSTANT_CONVERSION = YES;
				CLANG_WARN_DEPRECATED_OBJC_IMPLEMENTATIONS = YES;
				CLANG_WARN_DIRECT_OBJC_ISA_USAGE = YES_ERROR;
				CLANG_WARN_DOCUMENTATION_COMMENTS = YES;
				CLANG_WARN_EMPTY_BODY = YES;
				CLANG_WARN_ENUM_CONVERSION = YES;
				CLANG_WARN_INFINITE_RECURSION = YES;
				CLANG_WARN_INT_CONVERSION = YES;
				CLANG_WARN_NON_LITERAL_NULL_CONVERSION = YES;
				CLANG_WARN_OBJC_IMPLICIT_RETAIN_SELF = YES;
				CLANG_WARN_OBJC_LITERAL_CONVERSION = YES;
				CLANG_WARN_OBJC_ROOT_CLASS = YES_ERROR;
				CLANG_WARN_QUOTED_INCLUDE_IN_FRAMEWORK_HEADER = YES;
				CLANG_WARN_RANGE_LOOP_ANALYSIS = YES;
				CLANG_WARN_STRICT_PROTOTYPES = YES;
				CLANG_WARN_SUSPICIOUS_MOVE = YES;
				CLANG_WARN_UNGUARDED_AVAILABILITY = YES_AGGRESSIVE;
				CLANG_WARN_UNREACHABLE_CODE = YES;
				CLANG_WARN__DUPLICATE_METHOD_MATCH = YES;
				COPY_PHASE_STRIP = NO;
				DEBUG_INFORMATION_FORMAT = "dwarf-with-dsym";
				DEVELOPMENT_TEAM = 2YBTPD32DW;
				ENABLE_NS_ASSERTIONS = NO;
				ENABLE_STRICT_OBJC_MSGSEND = YES;
				ENABLE_USER_SCRIPT_SANDBOXING = YES;
				GCC_C_LANGUAGE_STANDARD = gnu17;
				GCC_NO_COMMON_BLOCKS = YES;
				GCC_WARN_64_TO_32_BIT_CONVERSION = YES;
				GCC_WARN_ABOUT_RETURN_TYPE = YES_ERROR;
				GCC_WARN_UNDECLARED_SELECTOR = YES;
				GCC_WARN_UNINITIALIZED_AUTOS = YES_AGGRESSIVE;
				GCC_WARN_UNUSED_FUNCTION = YES;
				GCC_WARN_UNUSED_VARIABLE = YES;
				INFOPLIST_KEY_NSCameraUsageDescription = "EclipseCam needs camera access to provide live video streaming for your events";
				INFOPLIST_KEY_NSMicrophoneUsageDescription = "EclipseCam needs microphone access to record audio with videos";
				INFOPLIST_KEY_NSPhotoLibraryAddUsageDescription = "EclipseCam needs Photos access to save recorded videos";
				INFOPLIST_KEY_NSPhotoLibraryUsageDescription = "EclipseCam needs Photos access to let you select images and videos for your live streams";
				IPHONEOS_DEPLOYMENT_TARGET = 18.4;
				LOCALIZATION_PREFERS_STRING_CATALOGS = YES;
				MTL_ENABLE_DEBUG_INFO = NO;
				MTL_FAST_MATH = YES;
				SDKROOT = iphoneos;
				SWIFT_COMPILATION_MODE = wholemodule;
				VALIDATE_PRODUCT = YES;
			};
			name = Release;
		};
		E2812EA42E53CEC200B6E5BD /* Debug */ = {
			isa = XCBuildConfiguration;
			buildSettings = {
				ASSETCATALOG_COMPILER_APPICON_NAME = AppIcon;
				ASSETCATALOG_COMPILER_GLOBAL_ACCENT_COLOR_NAME = AccentColor;
				CODE_SIGN_STYLE = Automatic;
				CURRENT_PROJECT_VERSION = 1;
				DEVELOPMENT_TEAM = 2YBTPD32DW;
				ENABLE_PREVIEWS = YES;
				GENERATE_INFOPLIST_FILE = YES;
				INFOPLIST_KEY_UIApplicationSceneManifest_Generation = YES;
				INFOPLIST_KEY_UIApplicationSupportsIndirectInputEvents = YES;
				INFOPLIST_KEY_UILaunchScreen_Generation = YES;
				INFOPLIST_KEY_UISupportedInterfaceOrientations_iPad = "UIInterfaceOrientationPortrait UIInterfaceOrientationPortraitUpsideDown UIInterfaceOrientationLandscapeLeft UIInterfaceOrientationLandscapeRight";
				INFOPLIST_KEY_UISupportedInterfaceOrientations_iPhone = "UIInterfaceOrientationPortrait UIInterfaceOrientationLandscapeLeft UIInterfaceOrientationLandscapeRight";
				LD_RUNPATH_SEARCH_PATHS = (
					"$(inherited)",
					"@executable_path/Frameworks",
				);
				MARKETING_VERSION = 1.0;
				PRODUCT_BUNDLE_IDENTIFIER = com.mobleypro.EclipseCam;
				PRODUCT_NAME = "$(TARGET_NAME)";
				SWIFT_EMIT_LOC_STRINGS = YES;
				SWIFT_VERSION = 5.0;
				TARGETED_DEVICE_FAMILY = "1,2";
			};
			name = Debug;
		};
		E2812EA52E53CEC200B6E5BD /* Release */ = {
			isa = XCBuildConfiguration;
			buildSettings = {
				ASSETCATALOG_COMPILER_APPICON_NAME = AppIcon;
				ASSETCATALOG_COMPILER_GLOBAL_ACCENT_COLOR_NAME = AccentColor;
				CODE_SIGN_STYLE = Automatic;
				CURRENT_PROJECT_VERSION = 1;
				DEVELOPMENT_TEAM = 2YBTPD32DW;
				ENABLE_PREVIEWS = YES;
				GENERATE_INFOPLIST_FILE = YES;
				INFOPLIST_KEY_UIApplicationSceneManifest_Generation = YES;
				INFOPLIST_KEY_UIApplicationSupportsIndirectInputEvents = YES;
				INFOPLIST_KEY_UILaunchScreen_Generation = YES;
				INFOPLIST_KEY_UISupportedInterfaceOrientations_iPad = "UIInterfaceOrientationPortrait UIInterfaceOrientationPortraitUpsideDown UIInterfaceOrientationLandscapeLeft UIInterfaceOrientationLandscapeRight";
				INFOPLIST_KEY_UISupportedInterfaceOrientations_iPhone = "UIInterfaceOrientationPortrait UIInterfaceOrientationLandscapeLeft UIInterfaceOrientationLandscapeRight";
				LD_RUNPATH_SEARCH_PATHS = (
					"$(inherited)",
					"@executable_path/Frameworks",
				);
				MARKETING_VERSION = 1.0;
				PRODUCT_BUNDLE_IDENTIFIER = com.mobleypro.EclipseCam;
				PRODUCT_NAME = "$(TARGET_NAME)";
				SWIFT_EMIT_LOC_STRINGS = YES;
				SWIFT_VERSION = 5.0;
				TARGETED_DEVICE_FAMILY = "1,2";
			};
			name = Release;
		};
		E2812EA72E53CEC200B6E5BD /* Debug */ = {
			isa = XCBuildConfiguration;
			buildSettings = {
				BUNDLE_LOADER = "$(TEST_HOST)";
				CODE_SIGN_STYLE = Automatic;
				CURRENT_PROJECT_VERSION = 1;
				DEVELOPMENT_TEAM = 2YBTPD32DW;
				GENERATE_INFOPLIST_FILE = YES;
				IPHONEOS_DEPLOYMENT_TARGET = 18.4;
				MARKETING_VERSION = 1.0;
				PRODUCT_BUNDLE_IDENTIFIER = com.mobleypro.EclipseCamTests;
				PRODUCT_NAME = "$(TARGET_NAME)";
				SWIFT_EMIT_LOC_STRINGS = NO;
				SWIFT_VERSION = 5.0;
				TARGETED_DEVICE_FAMILY = "1,2";
				TEST_HOST = "$(BUILT_PRODUCTS_DIR)/EclipseCam.app/$(BUNDLE_EXECUTABLE_FOLDER_PATH)/EclipseCam";
			};
			name = Debug;
		};
		E2812EA82E53CEC200B6E5BD /* Release */ = {
			isa = XCBuildConfiguration;
			buildSettings = {
				BUNDLE_LOADER = "$(TEST_HOST)";
				CODE_SIGN_STYLE = Automatic;
				CURRENT_PROJECT_VERSION = 1;
				DEVELOPMENT_TEAM = 2YBTPD32DW;
				GENERATE_INFOPLIST_FILE = YES;
				IPHONEOS_DEPLOYMENT_TARGET = 18.4;
				MARKETING_VERSION = 1.0;
				PRODUCT_BUNDLE_IDENTIFIER = com.mobleypro.EclipseCamTests;
				PRODUCT_NAME = "$(TARGET_NAME)";
				SWIFT_EMIT_LOC_STRINGS = NO;
				SWIFT_VERSION = 5.0;
				TARGETED_DEVICE_FAMILY = "1,2";
				TEST_HOST = "$(BUILT_PRODUCTS_DIR)/EclipseCam.app/$(BUNDLE_EXECUTABLE_FOLDER_PATH)/EclipseCam";
			};
			name = Release;
		};
		E2812EAA2E53CEC200B6E5BD /* Debug */ = {
			isa = XCBuildConfiguration;
			buildSettings = {
				CODE_SIGN_STYLE = Automatic;
				CURRENT_PROJECT_VERSION = 1;
				DEVELOPMENT_TEAM = 2YBTPD32DW;
				GENERATE_INFOPLIST_FILE = YES;
				MARKETING_VERSION = 1.0;
				PRODUCT_BUNDLE_IDENTIFIER = com.mobleypro.EclipseCamUITests;
				PRODUCT_NAME = "$(TARGET_NAME)";
				SWIFT_EMIT_LOC_STRINGS = NO;
				SWIFT_VERSION = 5.0;
				TARGETED_DEVICE_FAMILY = "1,2";
				TEST_TARGET_NAME = EclipseCam;
			};
			name = Debug;
		};
		E2812EAB2E53CEC200B6E5BD /* Release */ = {
			isa = XCBuildConfiguration;
			buildSettings = {
				CODE_SIGN_STYLE = Automatic;
				CURRENT_PROJECT_VERSION = 1;
				DEVELOPMENT_TEAM = 2YBTPD32DW;
				GENERATE_INFOPLIST_FILE = YES;
				MARKETING_VERSION = 1.0;
				PRODUCT_BUNDLE_IDENTIFIER = com.mobleypro.EclipseCamUITests;
				PRODUCT_NAME = "$(TARGET_NAME)";
				SWIFT_EMIT_LOC_STRINGS = NO;
				SWIFT_VERSION = 5.0;
				TARGETED_DEVICE_FAMILY = "1,2";
				TEST_TARGET_NAME = EclipseCam;
			};
			name = Release;
		};
/* End XCBuildConfiguration section */

/* Begin XCConfigurationList section */
		E2812E7D2E53CEC000B6E5BD /* Build configuration list for PBXProject "EclipseCam" */ = {
			isa = XCConfigurationList;
			buildConfigurations = (
				E2812EA12E53CEC200B6E5BD /* Debug */,
				E2812EA22E53CEC200B6E5BD /* Release */,
			);
			defaultConfigurationIsVisible = 0;
			defaultConfigurationName = Release;
		};
		E2812EA32E53CEC200B6E5BD /* Build configuration list for PBXNativeTarget "EclipseCam" */ = {
			isa = XCConfigurationList;
			buildConfigurations = (
				E2812EA42E53CEC200B6E5BD /* Debug */,
				E2812EA52E53CEC200B6E5BD /* Release */,
			);
			defaultConfigurationIsVisible = 0;
			defaultConfigurationName = Release;
		};
		E2812EA62E53CEC200B6E5BD /* Build configuration list for PBXNativeTarget "EclipseCamTests" */ = {
			isa = XCConfigurationList;
			buildConfigurations = (
				E2812EA72E53CEC200B6E5BD /* Debug */,
				E2812EA82E53CEC200B6E5BD /* Release */,
			);
			defaultConfigurationIsVisible = 0;
			defaultConfigurationName = Release;
		};
		E2812EA92E53CEC200B6E5BD /* Build configuration list for PBXNativeTarget "EclipseCamUITests" */ = {
			isa = XCConfigurationList;
			buildConfigurations = (
				E2812EAA2E53CEC200B6E5BD /* Debug */,
				E2812EAB2E53CEC200B6E5BD /* Release */,
			);
			defaultConfigurationIsVisible = 0;
			defaultConfigurationName = Release;
		};
/* End XCConfigurationList section */
	};
	rootObject = E2812E7A2E53CEC000B6E5BD /* Project object */;
}
